
Microsoft Visual Studio Solution File, Format Version 12.00
Project("{FAE04EC0-301F-11D3-BF4B-00C04F79EFBC}") = "ExpenseTracker.Web", "ExpenseTracker.Web\ExpenseTracker.Web.csproj", "{EC2DA395-E938-4655-8800-0CABCA224391}"
EndProject
Global
	GlobalSection(SolutionConfigurationPlatforms) = preSolution
		Debug|Any CPU = Debug|Any CPU
		Release|Any CPU = Release|Any CPU
	EndGlobalSection
	GlobalSection(ProjectConfigurationPlatforms) = postSolution
		{EC2DA395-E938-4655-8800-0CABCA224391}.Debug|Any CPU.ActiveCfg = Debug|Any CPU
		{EC2DA395-E938-4655-8800-0CABCA224391}.Debug|Any CPU.Build.0 = Debug|Any CPU
		{EC2DA395-E938-4655-8800-0CABCA224391}.Release|Any CPU.ActiveCfg = Release|Any CPU
		{EC2DA395-E938-4655-8800-0CABCA224391}.Release|Any CPU.Build.0 = Release|Any CPU
	EndGlobalSection
EndGlobal
